
Microsoft Visual Studio Solution File, Format Version 12.00
# Visual Studio Version 17
VisualStudioVersion = 17.0.32126.317
MinimumVisualStudioVersion = 10.0.40219.1
Project("{2150E333-8FDC-42A3-9474-1A3956D46DE8}") = "Services", "Services", "{8E8B1737-B885-4A61-AA78-DC17FCCB1C60}"
EndProject
Project("{9A19103F-16F7-4668-BE54-9A1E7A4F7556}") = "Courses.API", "src\services\Courses.API\Courses.API.csproj", "{7D9AE68C-DA1D-4565-B2BE-732E1CB1FEC5}"
EndProject
Project("{9A19103F-16F7-4668-BE54-9A1E7A4F7556}") = "GeneralStore.API", "src\services\GeneralStore.API\GeneralStore.API.csproj", "{5787D515-4E19-4F6F-B621-85F0514BD27B}"
EndProject
Project("{9A19103F-16F7-4668-BE54-9A1E7A4F7556}") = "Books.API", "src\services\Books.API\Books.API.csproj", "{85B32F59-31F8-46BB-960B-8D8675E82EE9}"
EndProject
Project("{2150E333-8FDC-42A3-9474-1A3956D46DE8}") = "AzureStore", "AzureStore", "{4A42AF7F-6798-4409-916D-50922054AE65}"
EndProject
Project("{9A19103F-16F7-4668-BE54-9A1E7A4F7556}") = "AzureStore.API", "src\services\AzureStore\AzureStore.API\AzureStore.API.csproj", "{39945D44-A843-4BB5-AD37-827242633C92}"
EndProject
Project("{9A19103F-16F7-4668-BE54-9A1E7A4F7556}") = "AzureStore.Functions", "src\services\AzureStore\AzureStore.Functions\AzureStore.Functions.csproj", "{8B8B44C7-C257-4FFF-AAA7-1214FE71C336}"
EndProject
Project("{2150E333-8FDC-42A3-9474-1A3956D46DE8}") = "Movies", "Movies", "{40821B8B-3EBD-4A30-93EE-F2E935667AE2}"
EndProject
Project("{9A19103F-16F7-4668-BE54-9A1E7A4F7556}") = "Movies.DataAccess", "src\services\Movies\Movies.DataAccess\Movies.DataAccess.csproj", "{09ABAD1C-56D7-4514-A868-9C027A0C14A9}"
EndProject
Project("{9A19103F-16F7-4668-BE54-9A1E7A4F7556}") = "Movies.API", "src\services\Movies\Movies.API\Movies.API.csproj", "{FDDFC9A5-12DA-4E7A-8771-47739425979B}"
EndProject
Project("{2150E333-8FDC-42A3-9474-1A3956D46DE8}") = "Tests", "Tests", "{BDE41B72-4441-494F-89BD-95F13259445E}"
EndProject
Project("{9A19103F-16F7-4668-BE54-9A1E7A4F7556}") = "Courses.Tests", "src\Tests\Courses.Tests\Courses.Tests.csproj", "{2A51DB64-0C7B-4607-8901-F9CD8A36E818}"
EndProject
Project("{2150E333-8FDC-42A3-9474-1A3956D46DE8}") = "Series", "Series", "{DFBDEB30-5857-4279-AEAF-A2A1619B5F02}"
EndProject
Project("{9A19103F-16F7-4668-BE54-9A1E7A4F7556}") = "Series.API", "src\services\Series\Series.API\Series.API.csproj", "{4235703D-C2D9-4D29-AFC3-2D42C092A567}"
EndProject
Project("{9A19103F-16F7-4668-BE54-9A1E7A4F7556}") = "Series.Application", "src\services\Series\Series.Application\Series.Application.csproj", "{656B92F0-E682-489E-84C4-E49E503A6BF5}"
EndProject
Project("{9A19103F-16F7-4668-BE54-9A1E7A4F7556}") = "Series.Domain", "src\services\Series\Series.Domain\Series.Domain.csproj", "{3ACBF454-E766-4533-BC55-968C0F8B9291}"
EndProject
Project("{9A19103F-16F7-4668-BE54-9A1E7A4F7556}") = "Series.Infrastructure", "src\services\Series\Series.Infrastructure\Series.Infrastructure.csproj", "{D08AA1CB-E5A7-45E9-90D1-D3F4AC5474FD}"
EndProject
Project("{2150E333-8FDC-42A3-9474-1A3956D46DE8}") = "BuildingBlocks", "BuildingBlocks", "{A6B21BC8-6CD8-4D36-B89C-EA4AA8104484}"
EndProject
Project("{9A19103F-16F7-4668-BE54-9A1E7A4F7556}") = "Common.Logging", "src\buildingblocks\Common.Logging\Common.Logging.csproj", "{F1E189E1-4194-41C5-A9E7-E8C0D4D5A3F3}"
EndProject
Project("{2150E333-8FDC-42A3-9474-1A3956D46DE8}") = "Monitoring", "Monitoring", "{000973BE-69FA-4A7A-9AFE-9A155EDA28D8}"
EndProject
Project("{FAE04EC0-301F-11D3-BF4B-00C04F79EFBC}") = "WebStatus", "src\monitoring\WebStatus\WebStatus.csproj", "{7CBF657D-DEFB-4430-8E7F-DAD581D2A252}"
EndProject
Global
	GlobalSection(SolutionConfigurationPlatforms) = preSolution
		Debug|Any CPU = Debug|Any CPU
		Release|Any CPU = Release|Any CPU
	EndGlobalSection
	GlobalSection(ProjectConfigurationPlatforms) = postSolution
		{7D9AE68C-DA1D-4565-B2BE-732E1CB1FEC5}.Debug|Any CPU.ActiveCfg = Debug|Any CPU
		{7D9AE68C-DA1D-4565-B2BE-732E1CB1FEC5}.Debug|Any CPU.Build.0 = Debug|Any CPU
		{7D9AE68C-DA1D-4565-B2BE-732E1CB1FEC5}.Release|Any CPU.ActiveCfg = Release|Any CPU
		{7D9AE68C-DA1D-4565-B2BE-732E1CB1FEC5}.Release|Any CPU.Build.0 = Release|Any CPU
		{5787D515-4E19-4F6F-B621-85F0514BD27B}.Debug|Any CPU.ActiveCfg = Debug|Any CPU
		{5787D515-4E19-4F6F-B621-85F0514BD27B}.Debug|Any CPU.Build.0 = Debug|Any CPU
		{5787D515-4E19-4F6F-B621-85F0514BD27B}.Release|Any CPU.ActiveCfg = Release|Any CPU
		{5787D515-4E19-4F6F-B621-85F0514BD27B}.Release|Any CPU.Build.0 = Release|Any CPU
		{85B32F59-31F8-46BB-960B-8D8675E82EE9}.Debug|Any CPU.ActiveCfg = Debug|Any CPU
		{85B32F59-31F8-46BB-960B-8D8675E82EE9}.Debug|Any CPU.Build.0 = Debug|Any CPU
		{85B32F59-31F8-46BB-960B-8D8675E82EE9}.Release|Any CPU.ActiveCfg = Release|Any CPU
		{85B32F59-31F8-46BB-960B-8D8675E82EE9}.Release|Any CPU.Build.0 = Release|Any CPU
		{39945D44-A843-4BB5-AD37-827242633C92}.Debug|Any CPU.ActiveCfg = Debug|Any CPU
		{39945D44-A843-4BB5-AD37-827242633C92}.Debug|Any CPU.Build.0 = Debug|Any CPU
		{39945D44-A843-4BB5-AD37-827242633C92}.Release|Any CPU.ActiveCfg = Release|Any CPU
		{39945D44-A843-4BB5-AD37-827242633C92}.Release|Any CPU.Build.0 = Release|Any CPU
		{8B8B44C7-C257-4FFF-AAA7-1214FE71C336}.Debug|Any CPU.ActiveCfg = Debug|Any CPU
		{8B8B44C7-C257-4FFF-AAA7-1214FE71C336}.Debug|Any CPU.Build.0 = Debug|Any CPU
		{8B8B44C7-C257-4FFF-AAA7-1214FE71C336}.Release|Any CPU.ActiveCfg = Release|Any CPU
		{8B8B44C7-C257-4FFF-AAA7-1214FE71C336}.Release|Any CPU.Build.0 = Release|Any CPU
		{09ABAD1C-56D7-4514-A868-9C027A0C14A9}.Debug|Any CPU.ActiveCfg = Debug|Any CPU
		{09ABAD1C-56D7-4514-A868-9C027A0C14A9}.Debug|Any CPU.Build.0 = Debug|Any CPU
		{09ABAD1C-56D7-4514-A868-9C027A0C14A9}.Release|Any CPU.ActiveCfg = Release|Any CPU
		{09ABAD1C-56D7-4514-A868-9C027A0C14A9}.Release|Any CPU.Build.0 = Release|Any CPU
		{FDDFC9A5-12DA-4E7A-8771-47739425979B}.Debug|Any CPU.ActiveCfg = Debug|Any CPU
		{FDDFC9A5-12DA-4E7A-8771-47739425979B}.Debug|Any CPU.Build.0 = Debug|Any CPU
		{FDDFC9A5-12DA-4E7A-8771-47739425979B}.Release|Any CPU.ActiveCfg = Release|Any CPU
		{FDDFC9A5-12DA-4E7A-8771-47739425979B}.Release|Any CPU.Build.0 = Release|Any CPU
		{2A51DB64-0C7B-4607-8901-F9CD8A36E818}.Debug|Any CPU.ActiveCfg = Debug|Any CPU
		{2A51DB64-0C7B-4607-8901-F9CD8A36E818}.Debug|Any CPU.Build.0 = Debug|Any CPU
		{2A51DB64-0C7B-4607-8901-F9CD8A36E818}.Release|Any CPU.ActiveCfg = Release|Any CPU
		{2A51DB64-0C7B-4607-8901-F9CD8A36E818}.Release|Any CPU.Build.0 = Release|Any CPU
		{4235703D-C2D9-4D29-AFC3-2D42C092A567}.Debug|Any CPU.ActiveCfg = Debug|Any CPU
		{4235703D-C2D9-4D29-AFC3-2D42C092A567}.Debug|Any CPU.Build.0 = Debug|Any CPU
		{4235703D-C2D9-4D29-AFC3-2D42C092A567}.Release|Any CPU.ActiveCfg = Release|Any CPU
		{4235703D-C2D9-4D29-AFC3-2D42C092A567}.Release|Any CPU.Build.0 = Release|Any CPU
		{656B92F0-E682-489E-84C4-E49E503A6BF5}.Debug|Any CPU.ActiveCfg = Debug|Any CPU
		{656B92F0-E682-489E-84C4-E49E503A6BF5}.Debug|Any CPU.Build.0 = Debug|Any CPU
		{656B92F0-E682-489E-84C4-E49E503A6BF5}.Release|Any CPU.ActiveCfg = Release|Any CPU
		{656B92F0-E682-489E-84C4-E49E503A6BF5}.Release|Any CPU.Build.0 = Release|Any CPU
		{3ACBF454-E766-4533-BC55-968C0F8B9291}.Debug|Any CPU.ActiveCfg = Debug|Any CPU
		{3ACBF454-E766-4533-BC55-968C0F8B9291}.Debug|Any CPU.Build.0 = Debug|Any CPU
		{3ACBF454-E766-4533-BC55-968C0F8B9291}.Release|Any CPU.ActiveCfg = Release|Any CPU
		{3ACBF454-E766-4533-BC55-968C0F8B9291}.Release|Any CPU.Build.0 = Release|Any CPU
		{D08AA1CB-E5A7-45E9-90D1-D3F4AC5474FD}.Debug|Any CPU.ActiveCfg = Debug|Any CPU
		{D08AA1CB-E5A7-45E9-90D1-D3F4AC5474FD}.Debug|Any CPU.Build.0 = Debug|Any CPU
		{D08AA1CB-E5A7-45E9-90D1-D3F4AC5474FD}.Release|Any CPU.ActiveCfg = Release|Any CPU
		{D08AA1CB-E5A7-45E9-90D1-D3F4AC5474FD}.Release|Any CPU.Build.0 = Release|Any CPU
		{F1E189E1-4194-41C5-A9E7-E8C0D4D5A3F3}.Debug|Any CPU.ActiveCfg = Debug|Any CPU
		{F1E189E1-4194-41C5-A9E7-E8C0D4D5A3F3}.Debug|Any CPU.Build.0 = Debug|Any CPU
		{F1E189E1-4194-41C5-A9E7-E8C0D4D5A3F3}.Release|Any CPU.ActiveCfg = Release|Any CPU
		{F1E189E1-4194-41C5-A9E7-E8C0D4D5A3F3}.Release|Any CPU.Build.0 = Release|Any CPU
		{7CBF657D-DEFB-4430-8E7F-DAD581D2A252}.Debug|Any CPU.ActiveCfg = Debug|Any CPU
		{7CBF657D-DEFB-4430-8E7F-DAD581D2A252}.Debug|Any CPU.Build.0 = Debug|Any CPU
		{7CBF657D-DEFB-4430-8E7F-DAD581D2A252}.Release|Any CPU.ActiveCfg = Release|Any CPU
		{7CBF657D-DEFB-4430-8E7F-DAD581D2A252}.Release|Any CPU.Build.0 = Release|Any CPU
	EndGlobalSection
	GlobalSection(SolutionProperties) = preSolution
		HideSolutionNode = FALSE
	EndGlobalSection
	GlobalSection(NestedProjects) = preSolution
		{7D9AE68C-DA1D-4565-B2BE-732E1CB1FEC5} = {8E8B1737-B885-4A61-AA78-DC17FCCB1C60}
		{5787D515-4E19-4F6F-B621-85F0514BD27B} = {8E8B1737-B885-4A61-AA78-DC17FCCB1C60}
		{85B32F59-31F8-46BB-960B-8D8675E82EE9} = {8E8B1737-B885-4A61-AA78-DC17FCCB1C60}
		{4A42AF7F-6798-4409-916D-50922054AE65} = {8E8B1737-B885-4A61-AA78-DC17FCCB1C60}
		{39945D44-A843-4BB5-AD37-827242633C92} = {4A42AF7F-6798-4409-916D-50922054AE65}
		{8B8B44C7-C257-4FFF-AAA7-1214FE71C336} = {4A42AF7F-6798-4409-916D-50922054AE65}
		{40821B8B-3EBD-4A30-93EE-F2E935667AE2} = {8E8B1737-B885-4A61-AA78-DC17FCCB1C60}
		{09ABAD1C-56D7-4514-A868-9C027A0C14A9} = {40821B8B-3EBD-4A30-93EE-F2E935667AE2}
		{FDDFC9A5-12DA-4E7A-8771-47739425979B} = {40821B8B-3EBD-4A30-93EE-F2E935667AE2}
		{2A51DB64-0C7B-4607-8901-F9CD8A36E818} = {BDE41B72-4441-494F-89BD-95F13259445E}
		{DFBDEB30-5857-4279-AEAF-A2A1619B5F02} = {8E8B1737-B885-4A61-AA78-DC17FCCB1C60}
		{4235703D-C2D9-4D29-AFC3-2D42C092A567} = {DFBDEB30-5857-4279-AEAF-A2A1619B5F02}
		{656B92F0-E682-489E-84C4-E49E503A6BF5} = {DFBDEB30-5857-4279-AEAF-A2A1619B5F02}
		{3ACBF454-E766-4533-BC55-968C0F8B9291} = {DFBDEB30-5857-4279-AEAF-A2A1619B5F02}
		{D08AA1CB-E5A7-45E9-90D1-D3F4AC5474FD} = {DFBDEB30-5857-4279-AEAF-A2A1619B5F02}
		{A6B21BC8-6CD8-4D36-B89C-EA4AA8104484} = {8E8B1737-B885-4A61-AA78-DC17FCCB1C60}
		{F1E189E1-4194-41C5-A9E7-E8C0D4D5A3F3} = {A6B21BC8-6CD8-4D36-B89C-EA4AA8104484}
		{7CBF657D-DEFB-4430-8E7F-DAD581D2A252} = {000973BE-69FA-4A7A-9AFE-9A155EDA28D8}
	EndGlobalSection
	GlobalSection(ExtensibilityGlobals) = postSolution
		SolutionGuid = {B826CDD6-8B76-4A34-8672-479868AA8CAE}
	EndGlobalSection
EndGlobal
